
Microsoft Visual Studio Solution File, Format Version 12.00
# Visual Studio Version 17
VisualStudioVersion = 17.7.34018.315
MinimumVisualStudioVersion = 10.0.40219.1
Project("{FAE04EC0-301F-11D3-BF4B-00C04F79EFBC}") = "ChatApp", "ChatApp\ChatApp.csproj", "{0630B970-F419-40E9-8135-6F1CBA4C9BD5}"
EndProject
Project("{FAE04EC0-301F-11D3-BF4B-00C04F79EFBC}") = "dataModels", "dataModels\dataModels.csproj", "{74080D0E-84AD-4511-A445-6A7BB89DB33C}"
EndProject
Project("{FAE04EC0-301F-11D3-BF4B-00C04F79EFBC}") = "Services", "Services\Services.csproj", "{F15189FC-611F-46EE-8D45-AA2AC9F249FF}"
EndProject
Global
	GlobalSection(SolutionConfigurationPlatforms) = preSolution
		Debug|Any CPU = Debug|Any CPU
		Release|Any CPU = Release|Any CPU
	EndGlobalSection
	GlobalSection(ProjectConfigurationPlatforms) = postSolution
		{0630B970-F419-40E9-8135-6F1CBA4C9BD5}.Debug|Any CPU.ActiveCfg = Debug|Any CPU
		{0630B970-F419-40E9-8135-6F1CBA4C9BD5}.Debug|Any CPU.Build.0 = Debug|Any CPU
		{0630B970-F419-40E9-8135-6F1CBA4C9BD5}.Release|Any CPU.ActiveCfg = Release|Any CPU
		{0630B970-F419-40E9-8135-6F1CBA4C9BD5}.Release|Any CPU.Build.0 = Release|Any CPU
		{74080D0E-84AD-4511-A445-6A7BB89DB33C}.Debug|Any CPU.ActiveCfg = Debug|Any CPU
		{74080D0E-84AD-4511-A445-6A7BB89DB33C}.Debug|Any CPU.Build.0 = Debug|Any CPU
		{74080D0E-84AD-4511-A445-6A7BB89DB33C}.Release|Any CPU.ActiveCfg = Release|Any CPU
		{74080D0E-84AD-4511-A445-6A7BB89DB33C}.Release|Any CPU.Build.0 = Release|Any CPU
		{F15189FC-611F-46EE-8D45-AA2AC9F249FF}.Debug|Any CPU.ActiveCfg = Debug|Any CPU
		{F15189FC-611F-46EE-8D45-AA2AC9F249FF}.Debug|Any CPU.Build.0 = Debug|Any CPU
		{F15189FC-611F-46EE-8D45-AA2AC9F249FF}.Release|Any CPU.ActiveCfg = Release|Any CPU
		{F15189FC-611F-46EE-8D45-AA2AC9F249FF}.Release|Any CPU.Build.0 = Release|Any CPU
	EndGlobalSection
	GlobalSection(SolutionProperties) = preSolution
		HideSolutionNode = FALSE
	EndGlobalSection
	GlobalSection(ExtensibilityGlobals) = postSolution
		SolutionGuid = {F6B796FC-CEAF-42FE-8CE8-1EF314BB69A8}
	EndGlobalSection
EndGlobal
